
Microsoft Visual Studio Solution File, Format Version 12.00
# Visual Studio Version 17
VisualStudioVersion = 17.0.31717.71
MinimumVisualStudioVersion = 10.0.40219.1
Project("{9A19103F-16F7-4668-BE54-9A1E7A4F7556}") = "Shindan.Web", "Shindan.Web.csproj", "{8967F6C8-8ABA-4A29-9FE2-207E19ACD0AB}"
EndProject
Global
	GlobalSection(SolutionConfigurationPlatforms) = preSolution
		Debug|Any CPU = Debug|Any CPU
		Release|Any CPU = Release|Any CPU
	EndGlobalSection
	GlobalSection(ProjectConfigurationPlatforms) = postSolution
		{8967F6C8-8ABA-4A29-9FE2-207E19ACD0AB}.Debug|Any CPU.ActiveCfg = Debug|Any CPU
		{8967F6C8-8ABA-4A29-9FE2-207E19ACD0AB}.Debug|Any CPU.Build.0 = Debug|Any CPU
		{8967F6C8-8ABA-4A29-9FE2-207E19ACD0AB}.Release|Any CPU.ActiveCfg = Release|Any CPU
		{8967F6C8-8ABA-4A29-9FE2-207E19ACD0AB}.Release|Any CPU.Build.0 = Release|Any CPU
	EndGlobalSection
	GlobalSection(SolutionProperties) = preSolution
		HideSolutionNode = FALSE
	EndGlobalSection
	GlobalSection(ExtensibilityGlobals) = postSolution
		SolutionGuid = {8AA92BA7-8269-4A4A-AA4A-B48AEE37B1E2}
	EndGlobalSection
EndGlobal